// !$*UTF8*$!
{
	archiveVersion = 1;
	classes = {
	};
	objectVersion = 50;
	objects = {

/* Begin PBXBuildFile section */
		232FBB372656C18B00172930 /* AppDelegate.swift in Sources */ = {isa = PBXBuildFile; fileRef = 232FBB362656C18B00172930 /* AppDelegate.swift */; };
		232FBB392656C18B00172930 /* SceneDelegate.swift in Sources */ = {isa = PBXBuildFile; fileRef = 232FBB382656C18B00172930 /* SceneDelegate.swift */; };
		232FBB3B2656C18B00172930 /* ViewController.swift in Sources */ = {isa = PBXBuildFile; fileRef = 232FBB3A2656C18B00172930 /* ViewController.swift */; };
		232FBB402656C18D00172930 /* Assets.xcassets in Resources */ = {isa = PBXBuildFile; fileRef = 232FBB3F2656C18D00172930 /* Assets.xcassets */; };
		232FBB432656C18D00172930 /* LaunchScreen.storyboard in Resources */ = {isa = PBXBuildFile; fileRef = 232FBB412656C18D00172930 /* LaunchScreen.storyboard */; };
		232FBB4E2656C18D00172930 /* PayoneerTests.swift in Sources */ = {isa = PBXBuildFile; fileRef = 232FBB4D2656C18D00172930 /* PayoneerTests.swift */; };
		232FBB592656C18D00172930 /* PayoneerUITests.swift in Sources */ = {isa = PBXBuildFile; fileRef = 232FBB582656C18D00172930 /* PayoneerUITests.swift */; };
		232FBB682656C1CC00172930 /* HTTPMethod.swift in Sources */ = {isa = PBXBuildFile; fileRef = 232FBB672656C1CC00172930 /* HTTPMethod.swift */; };
		232FBB6A2656C1E700172930 /* Networking.swift in Sources */ = {isa = PBXBuildFile; fileRef = 232FBB692656C1E700172930 /* Networking.swift */; };
		232FBB6C2656C20A00172930 /* Routing.swift in Sources */ = {isa = PBXBuildFile; fileRef = 232FBB6B2656C20A00172930 /* Routing.swift */; };
		232FBB702656C29100172930 /* PaymentRoutes.swift in Sources */ = {isa = PBXBuildFile; fileRef = 232FBB6F2656C29100172930 /* PaymentRoutes.swift */; };
		232FBB792656C35C00172930 /* PaymentListPresenter.swift in Sources */ = {isa = PBXBuildFile; fileRef = 232FBB722656C35C00172930 /* PaymentListPresenter.swift */; };
		232FBB7A2656C35C00172930 /* PaymentListRouter.swift in Sources */ = {isa = PBXBuildFile; fileRef = 232FBB732656C35C00172930 /* PaymentListRouter.swift */; };
		232FBB7B2656C35C00172930 /* PaymentListContracts.swift in Sources */ = {isa = PBXBuildFile; fileRef = 232FBB742656C35C00172930 /* PaymentListContracts.swift */; };
		232FBB7C2656C35C00172930 /* PaymentListViewController.swift in Sources */ = {isa = PBXBuildFile; fileRef = 232FBB752656C35C00172930 /* PaymentListViewController.swift */; };
		232FBB7D2656C35C00172930 /* PaymentListBuilder.swift in Sources */ = {isa = PBXBuildFile; fileRef = 232FBB762656C35C00172930 /* PaymentListBuilder.swift */; };
		232FBB7E2656C35C00172930 /* PaymentListInteractor.swift in Sources */ = {isa = PBXBuildFile; fileRef = 232FBB772656C35C00172930 /* PaymentListInteractor.swift */; };
		232FBB822656C40A00172930 /* UIView+Payoneer.swift in Sources */ = {isa = PBXBuildFile; fileRef = 232FBB812656C40A00172930 /* UIView+Payoneer.swift */; };
		232FBB852656C74800172930 /* PaymentListService.swift in Sources */ = {isa = PBXBuildFile; fileRef = 232FBB842656C74800172930 /* PaymentListService.swift */; };
		232FBB882656C8FC00172930 /* PaymentList.swift in Sources */ = {isa = PBXBuildFile; fileRef = 232FBB872656C8FC00172930 /* PaymentList.swift */; };
		232FBB8A2656CAD300172930 /* Network.swift in Sources */ = {isa = PBXBuildFile; fileRef = 232FBB892656CAD300172930 /* Network.swift */; };
		232FBB8C2656CAE800172930 /* PaymentLink.swift in Sources */ = {isa = PBXBuildFile; fileRef = 232FBB8B2656CAE800172930 /* PaymentLink.swift */; };
		232FBB8E2656CFA700172930 /* NativeNetwork.swift in Sources */ = {isa = PBXBuildFile; fileRef = 232FBB8D2656CFA700172930 /* NativeNetwork.swift */; };
		232FBB902656CFDA00172930 /* URLRequest+Payoneer.swift in Sources */ = {isa = PBXBuildFile; fileRef = 232FBB8F2656CFDA00172930 /* URLRequest+Payoneer.swift */; };
		232FBB922656CFFA00172930 /* CharacterSet+Payoneer.swift in Sources */ = {isa = PBXBuildFile; fileRef = 232FBB912656CFFA00172930 /* CharacterSet+Payoneer.swift */; };
		232FBB942656D03500172930 /* URLSession+Payoneer.swift in Sources */ = {isa = PBXBuildFile; fileRef = 232FBB932656D03500172930 /* URLSession+Payoneer.swift */; };
		232FBB962656D07C00172930 /* Dictionary+Payoneer.swift in Sources */ = {isa = PBXBuildFile; fileRef = 232FBB952656D07C00172930 /* Dictionary+Payoneer.swift */; };
		232FBB992656D3BD00172930 /* PaymentListCellViewModel.swift in Sources */ = {isa = PBXBuildFile; fileRef = 232FBB982656D3BD00172930 /* PaymentListCellViewModel.swift */; };
		232FBB9C2656D3DF00172930 /* PaymentListCellViewModelFactory.swift in Sources */ = {isa = PBXBuildFile; fileRef = 232FBB9B2656D3DF00172930 /* PaymentListCellViewModelFactory.swift */; };
		232FBB9E2656D3F800172930 /* PaymentListTableViewDataFactory.swift in Sources */ = {isa = PBXBuildFile; fileRef = 232FBB9D2656D3F800172930 /* PaymentListTableViewDataFactory.swift */; };
		232FBBA02656D89F00172930 /* PaymentListDataSource.swift in Sources */ = {isa = PBXBuildFile; fileRef = 232FBB9F2656D89F00172930 /* PaymentListDataSource.swift */; };
		232FBBA22656D9AD00172930 /* PaymentListCell.swift in Sources */ = {isa = PBXBuildFile; fileRef = 232FBBA12656D9AD00172930 /* PaymentListCell.swift */; };
		232FBBA42656DA0100172930 /* UITableView+Payoneer.swift in Sources */ = {isa = PBXBuildFile; fileRef = 232FBBA32656DA0100172930 /* UITableView+Payoneer.swift */; };
		232FBBA62656DA4D00172930 /* UITableViewCell+Payoneer.swift in Sources */ = {isa = PBXBuildFile; fileRef = 232FBBA52656DA4D00172930 /* UITableViewCell+Payoneer.swift */; };
		232FBBA82656DABA00172930 /* UITableViewFooterHeaderView+Payoneer.swift in Sources */ = {isa = PBXBuildFile; fileRef = 232FBBA72656DABA00172930 /* UITableViewFooterHeaderView+Payoneer.swift */; };
		232FBBB02656DFD100172930 /* PaymentListCellViewModelFactoryTests.swift in Sources */ = {isa = PBXBuildFile; fileRef = 232FBBAF2656DFD100172930 /* PaymentListCellViewModelFactoryTests.swift */; };
		232FBBB22656E18600172930 /* PaymentListTableViewDataFactoryTests.swift in Sources */ = {isa = PBXBuildFile; fileRef = 232FBBB12656E18600172930 /* PaymentListTableViewDataFactoryTests.swift */; };
		232FBBB52656E36E00172930 /* MockPaymentListCellViewModelFactory.swift in Sources */ = {isa = PBXBuildFile; fileRef = 232FBBB42656E36E00172930 /* MockPaymentListCellViewModelFactory.swift */; };
		232FBBB72656E3B900172930 /* PaymentListPresenterTests.swift in Sources */ = {isa = PBXBuildFile; fileRef = 232FBBB62656E3B900172930 /* PaymentListPresenterTests.swift */; };
		232FBBBA2656F27A00172930 /* MockPaymentListView.swift in Sources */ = {isa = PBXBuildFile; fileRef = 232FBBB92656F27A00172930 /* MockPaymentListView.swift */; };
		232FBBBC2656F2B600172930 /* MockPaymentListTableViewDataFactory.swift in Sources */ = {isa = PBXBuildFile; fileRef = 232FBBBB2656F2B600172930 /* MockPaymentListTableViewDataFactory.swift */; };
		232FBBBE2656F2DC00172930 /* MockPaymentListInteractor.swift in Sources */ = {isa = PBXBuildFile; fileRef = 232FBBBD2656F2DC00172930 /* MockPaymentListInteractor.swift */; };
		232FBBC02656F2FA00172930 /* MockPaymentListRouter.swift in Sources */ = {isa = PBXBuildFile; fileRef = 232FBBBF2656F2FA00172930 /* MockPaymentListRouter.swift */; };
		232FBBC22656F3D700172930 /* PaymentListViewTests.swift in Sources */ = {isa = PBXBuildFile; fileRef = 232FBBC12656F3D700172930 /* PaymentListViewTests.swift */; };
		232FBBC42656F70B00172930 /* MockPaymentListPresenter.swift in Sources */ = {isa = PBXBuildFile; fileRef = 232FBBC32656F70B00172930 /* MockPaymentListPresenter.swift */; };
		232FBBCC2657175C00172930 /* UIImageView+Payoneer.swift in Sources */ = {isa = PBXBuildFile; fileRef = 232FBBCB2657175C00172930 /* UIImageView+Payoneer.swift */; };
/* End PBXBuildFile section */

/* Begin PBXContainerItemProxy section */
		232FBB4A2656C18D00172930 /* PBXContainerItemProxy */ = {
			isa = PBXContainerItemProxy;
			containerPortal = 232FBB2B2656C18B00172930 /* Project object */;
			proxyType = 1;
			remoteGlobalIDString = 232FBB322656C18B00172930;
			remoteInfo = Payoneer;
		};
		232FBB552656C18D00172930 /* PBXContainerItemProxy */ = {
			isa = PBXContainerItemProxy;
			containerPortal = 232FBB2B2656C18B00172930 /* Project object */;
			proxyType = 1;
			remoteGlobalIDString = 232FBB322656C18B00172930;
			remoteInfo = Payoneer;
		};
/* End PBXContainerItemProxy section */

/* Begin PBXFileReference section */
		232FBB332656C18B00172930 /* Payoneer.app */ = {isa = PBXFileReference; explicitFileType = wrapper.application; includeInIndex = 0; path = Payoneer.app; sourceTree = BUILT_PRODUCTS_DIR; };
		232FBB362656C18B00172930 /* AppDelegate.swift */ = {isa = PBXFileReference; lastKnownFileType = sourcecode.swift; path = AppDelegate.swift; sourceTree = "<group>"; };
		232FBB382656C18B00172930 /* SceneDelegate.swift */ = {isa = PBXFileReference; lastKnownFileType = sourcecode.swift; path = SceneDelegate.swift; sourceTree = "<group>"; };
		232FBB3A2656C18B00172930 /* ViewController.swift */ = {isa = PBXFileReference; lastKnownFileType = sourcecode.swift; path = ViewController.swift; sourceTree = "<group>"; };
		232FBB3F2656C18D00172930 /* Assets.xcassets */ = {isa = PBXFileReference; lastKnownFileType = folder.assetcatalog; path = Assets.xcassets; sourceTree = "<group>"; };
		232FBB422656C18D00172930 /* Base */ = {isa = PBXFileReference; lastKnownFileType = file.storyboard; name = Base; path = Base.lproj/LaunchScreen.storyboard; sourceTree = "<group>"; };
		232FBB442656C18D00172930 /* Info.plist */ = {isa = PBXFileReference; lastKnownFileType = text.plist.xml; path = Info.plist; sourceTree = "<group>"; };
		232FBB492656C18D00172930 /* PayoneerTests.xctest */ = {isa = PBXFileReference; explicitFileType = wrapper.cfbundle; includeInIndex = 0; path = PayoneerTests.xctest; sourceTree = BUILT_PRODUCTS_DIR; };
		232FBB4D2656C18D00172930 /* PayoneerTests.swift */ = {isa = PBXFileReference; lastKnownFileType = sourcecode.swift; path = PayoneerTests.swift; sourceTree = "<group>"; };
		232FBB4F2656C18D00172930 /* Info.plist */ = {isa = PBXFileReference; lastKnownFileType = text.plist.xml; path = Info.plist; sourceTree = "<group>"; };
		232FBB542656C18D00172930 /* PayoneerUITests.xctest */ = {isa = PBXFileReference; explicitFileType = wrapper.cfbundle; includeInIndex = 0; path = PayoneerUITests.xctest; sourceTree = BUILT_PRODUCTS_DIR; };
		232FBB582656C18D00172930 /* PayoneerUITests.swift */ = {isa = PBXFileReference; lastKnownFileType = sourcecode.swift; path = PayoneerUITests.swift; sourceTree = "<group>"; };
		232FBB5A2656C18D00172930 /* Info.plist */ = {isa = PBXFileReference; lastKnownFileType = text.plist.xml; path = Info.plist; sourceTree = "<group>"; };
		232FBB672656C1CC00172930 /* HTTPMethod.swift */ = {isa = PBXFileReference; lastKnownFileType = sourcecode.swift; path = HTTPMethod.swift; sourceTree = "<group>"; };
		232FBB692656C1E700172930 /* Networking.swift */ = {isa = PBXFileReference; lastKnownFileType = sourcecode.swift; path = Networking.swift; sourceTree = "<group>"; };
		232FBB6B2656C20A00172930 /* Routing.swift */ = {isa = PBXFileReference; lastKnownFileType = sourcecode.swift; path = Routing.swift; sourceTree = "<group>"; };
		232FBB6F2656C29100172930 /* PaymentRoutes.swift */ = {isa = PBXFileReference; lastKnownFileType = sourcecode.swift; path = PaymentRoutes.swift; sourceTree = "<group>"; };
		232FBB722656C35C00172930 /* PaymentListPresenter.swift */ = {isa = PBXFileReference; lastKnownFileType = sourcecode.swift; path = PaymentListPresenter.swift; sourceTree = "<group>"; };
		232FBB732656C35C00172930 /* PaymentListRouter.swift */ = {isa = PBXFileReference; lastKnownFileType = sourcecode.swift; path = PaymentListRouter.swift; sourceTree = "<group>"; };
		232FBB742656C35C00172930 /* PaymentListContracts.swift */ = {isa = PBXFileReference; lastKnownFileType = sourcecode.swift; path = PaymentListContracts.swift; sourceTree = "<group>"; };
		232FBB752656C35C00172930 /* PaymentListViewController.swift */ = {isa = PBXFileReference; lastKnownFileType = sourcecode.swift; path = PaymentListViewController.swift; sourceTree = "<group>"; };
		232FBB762656C35C00172930 /* PaymentListBuilder.swift */ = {isa = PBXFileReference; lastKnownFileType = sourcecode.swift; path = PaymentListBuilder.swift; sourceTree = "<group>"; };
		232FBB772656C35C00172930 /* PaymentListInteractor.swift */ = {isa = PBXFileReference; lastKnownFileType = sourcecode.swift; path = PaymentListInteractor.swift; sourceTree = "<group>"; };
		232FBB812656C40A00172930 /* UIView+Payoneer.swift */ = {isa = PBXFileReference; lastKnownFileType = sourcecode.swift; path = "UIView+Payoneer.swift"; sourceTree = "<group>"; };
		232FBB842656C74800172930 /* PaymentListService.swift */ = {isa = PBXFileReference; lastKnownFileType = sourcecode.swift; path = PaymentListService.swift; sourceTree = "<group>"; };
		232FBB872656C8FC00172930 /* PaymentList.swift */ = {isa = PBXFileReference; lastKnownFileType = sourcecode.swift; path = PaymentList.swift; sourceTree = "<group>"; };
		232FBB892656CAD300172930 /* Network.swift */ = {isa = PBXFileReference; lastKnownFileType = sourcecode.swift; path = Network.swift; sourceTree = "<group>"; };
		232FBB8B2656CAE800172930 /* PaymentLink.swift */ = {isa = PBXFileReference; lastKnownFileType = sourcecode.swift; path = PaymentLink.swift; sourceTree = "<group>"; };
		232FBB8D2656CFA700172930 /* NativeNetwork.swift */ = {isa = PBXFileReference; lastKnownFileType = sourcecode.swift; path = NativeNetwork.swift; sourceTree = "<group>"; };
		232FBB8F2656CFDA00172930 /* URLRequest+Payoneer.swift */ = {isa = PBXFileReference; lastKnownFileType = sourcecode.swift; path = "URLRequest+Payoneer.swift"; sourceTree = "<group>"; };
		232FBB912656CFFA00172930 /* CharacterSet+Payoneer.swift */ = {isa = PBXFileReference; lastKnownFileType = sourcecode.swift; path = "CharacterSet+Payoneer.swift"; sourceTree = "<group>"; };
		232FBB932656D03500172930 /* URLSession+Payoneer.swift */ = {isa = PBXFileReference; lastKnownFileType = sourcecode.swift; path = "URLSession+Payoneer.swift"; sourceTree = "<group>"; };
		232FBB952656D07C00172930 /* Dictionary+Payoneer.swift */ = {isa = PBXFileReference; lastKnownFileType = sourcecode.swift; path = "Dictionary+Payoneer.swift"; sourceTree = "<group>"; };
		232FBB982656D3BD00172930 /* PaymentListCellViewModel.swift */ = {isa = PBXFileReference; lastKnownFileType = sourcecode.swift; path = PaymentListCellViewModel.swift; sourceTree = "<group>"; };
		232FBB9B2656D3DF00172930 /* PaymentListCellViewModelFactory.swift */ = {isa = PBXFileReference; lastKnownFileType = sourcecode.swift; path = PaymentListCellViewModelFactory.swift; sourceTree = "<group>"; };
		232FBB9D2656D3F800172930 /* PaymentListTableViewDataFactory.swift */ = {isa = PBXFileReference; lastKnownFileType = sourcecode.swift; path = PaymentListTableViewDataFactory.swift; sourceTree = "<group>"; };
		232FBB9F2656D89F00172930 /* PaymentListDataSource.swift */ = {isa = PBXFileReference; lastKnownFileType = sourcecode.swift; path = PaymentListDataSource.swift; sourceTree = "<group>"; };
		232FBBA12656D9AD00172930 /* PaymentListCell.swift */ = {isa = PBXFileReference; lastKnownFileType = sourcecode.swift; path = PaymentListCell.swift; sourceTree = "<group>"; };
		232FBBA32656DA0100172930 /* UITableView+Payoneer.swift */ = {isa = PBXFileReference; lastKnownFileType = sourcecode.swift; path = "UITableView+Payoneer.swift"; sourceTree = "<group>"; };
		232FBBA52656DA4D00172930 /* UITableViewCell+Payoneer.swift */ = {isa = PBXFileReference; lastKnownFileType = sourcecode.swift; path = "UITableViewCell+Payoneer.swift"; sourceTree = "<group>"; };
		232FBBA72656DABA00172930 /* UITableViewFooterHeaderView+Payoneer.swift */ = {isa = PBXFileReference; lastKnownFileType = sourcecode.swift; path = "UITableViewFooterHeaderView+Payoneer.swift"; sourceTree = "<group>"; };
		232FBBAF2656DFD100172930 /* PaymentListCellViewModelFactoryTests.swift */ = {isa = PBXFileReference; lastKnownFileType = sourcecode.swift; path = PaymentListCellViewModelFactoryTests.swift; sourceTree = "<group>"; };
		232FBBB12656E18600172930 /* PaymentListTableViewDataFactoryTests.swift */ = {isa = PBXFileReference; lastKnownFileType = sourcecode.swift; path = PaymentListTableViewDataFactoryTests.swift; sourceTree = "<group>"; };
		232FBBB42656E36E00172930 /* MockPaymentListCellViewModelFactory.swift */ = {isa = PBXFileReference; lastKnownFileType = sourcecode.swift; path = MockPaymentListCellViewModelFactory.swift; sourceTree = "<group>"; };
		232FBBB62656E3B900172930 /* PaymentListPresenterTests.swift */ = {isa = PBXFileReference; lastKnownFileType = sourcecode.swift; path = PaymentListPresenterTests.swift; sourceTree = "<group>"; };
		232FBBB92656F27A00172930 /* MockPaymentListView.swift */ = {isa = PBXFileReference; lastKnownFileType = sourcecode.swift; path = MockPaymentListView.swift; sourceTree = "<group>"; };
		232FBBBB2656F2B600172930 /* MockPaymentListTableViewDataFactory.swift */ = {isa = PBXFileReference; lastKnownFileType = sourcecode.swift; path = MockPaymentListTableViewDataFactory.swift; sourceTree = "<group>"; };
		232FBBBD2656F2DC00172930 /* MockPaymentListInteractor.swift */ = {isa = PBXFileReference; lastKnownFileType = sourcecode.swift; path = MockPaymentListInteractor.swift; sourceTree = "<group>"; };
		232FBBBF2656F2FA00172930 /* MockPaymentListRouter.swift */ = {isa = PBXFileReference; lastKnownFileType = sourcecode.swift; path = MockPaymentListRouter.swift; sourceTree = "<group>"; };
		232FBBC12656F3D700172930 /* PaymentListViewTests.swift */ = {isa = PBXFileReference; lastKnownFileType = sourcecode.swift; path = PaymentListViewTests.swift; sourceTree = "<group>"; };
		232FBBC32656F70B00172930 /* MockPaymentListPresenter.swift */ = {isa = PBXFileReference; lastKnownFileType = sourcecode.swift; path = MockPaymentListPresenter.swift; sourceTree = "<group>"; };
		232FBBCB2657175C00172930 /* UIImageView+Payoneer.swift */ = {isa = PBXFileReference; lastKnownFileType = sourcecode.swift; path = "UIImageView+Payoneer.swift"; sourceTree = "<group>"; };
/* End PBXFileReference section */

/* Begin PBXFrameworksBuildPhase section */
		232FBB302656C18B00172930 /* Frameworks */ = {
			isa = PBXFrameworksBuildPhase;
			buildActionMask = 2147483647;
			files = (
			);
			runOnlyForDeploymentPostprocessing = 0;
		};
		232FBB462656C18D00172930 /* Frameworks */ = {
			isa = PBXFrameworksBuildPhase;
			buildActionMask = 2147483647;
			files = (
			);
			runOnlyForDeploymentPostprocessing = 0;
		};
		232FBB512656C18D00172930 /* Frameworks */ = {
			isa = PBXFrameworksBuildPhase;
			buildActionMask = 2147483647;
			files = (
			);
			runOnlyForDeploymentPostprocessing = 0;
		};
/* End PBXFrameworksBuildPhase section */

/* Begin PBXGroup section */
		232FBB2A2656C18B00172930 = {
			isa = PBXGroup;
			children = (
				232FBB352656C18B00172930 /* Payoneer */,
				232FBB4C2656C18D00172930 /* PayoneerTests */,
				232FBB572656C18D00172930 /* PayoneerUITests */,
				232FBB342656C18B00172930 /* Products */,
			);
			sourceTree = "<group>";
		};
		232FBB342656C18B00172930 /* Products */ = {
			isa = PBXGroup;
			children = (
				232FBB332656C18B00172930 /* Payoneer.app */,
				232FBB492656C18D00172930 /* PayoneerTests.xctest */,
				232FBB542656C18D00172930 /* PayoneerUITests.xctest */,
			);
			name = Products;
			sourceTree = "<group>";
		};
		232FBB352656C18B00172930 /* Payoneer */ = {
			isa = PBXGroup;
			children = (
				232FBB862656C84A00172930 /* Models */,
				232FBB802656C3FA00172930 /* Extensions */,
				232FBB6D2656C27300172930 /* Scenes */,
				232FBB662656C1BD00172930 /* Networking */,
				232FBB362656C18B00172930 /* AppDelegate.swift */,
				232FBB382656C18B00172930 /* SceneDelegate.swift */,
				232FBB3A2656C18B00172930 /* ViewController.swift */,
				232FBB3F2656C18D00172930 /* Assets.xcassets */,
				232FBB412656C18D00172930 /* LaunchScreen.storyboard */,
				232FBB442656C18D00172930 /* Info.plist */,
			);
			path = Payoneer;
			sourceTree = "<group>";
		};
		232FBB4C2656C18D00172930 /* PayoneerTests */ = {
			isa = PBXGroup;
			children = (
				232FBBAD2656DFB700172930 /* PaymentListScene */,
				232FBB4D2656C18D00172930 /* PayoneerTests.swift */,
				232FBB4F2656C18D00172930 /* Info.plist */,
			);
			path = PayoneerTests;
			sourceTree = "<group>";
		};
		232FBB572656C18D00172930 /* PayoneerUITests */ = {
			isa = PBXGroup;
			children = (
				232FBB582656C18D00172930 /* PayoneerUITests.swift */,
				232FBB5A2656C18D00172930 /* Info.plist */,
			);
			path = PayoneerUITests;
			sourceTree = "<group>";
		};
		232FBB662656C1BD00172930 /* Networking */ = {
			isa = PBXGroup;
			children = (
				232FBB832656C73A00172930 /* Services */,
				232FBB6E2656C28200172930 /* Routes */,
				232FBB672656C1CC00172930 /* HTTPMethod.swift */,
				232FBB692656C1E700172930 /* Networking.swift */,
				232FBB8D2656CFA700172930 /* NativeNetwork.swift */,
			);
			path = Networking;
			sourceTree = "<group>";
		};
		232FBB6D2656C27300172930 /* Scenes */ = {
			isa = PBXGroup;
			children = (
				232FBB7F2656C36000172930 /* PaymentListScene */,
			);
			path = Scenes;
			sourceTree = "<group>";
		};
		232FBB6E2656C28200172930 /* Routes */ = {
			isa = PBXGroup;
			children = (
				232FBB6B2656C20A00172930 /* Routing.swift */,
				232FBB6F2656C29100172930 /* PaymentRoutes.swift */,
			);
			path = Routes;
			sourceTree = "<group>";
		};
		232FBB7F2656C36000172930 /* PaymentListScene */ = {
			isa = PBXGroup;
			children = (
				232FBB9A2656D3D300172930 /* Factories */,
				232FBB972656D3B100172930 /* Cell */,
				232FBB722656C35C00172930 /* PaymentListPresenter.swift */,
				232FBB732656C35C00172930 /* PaymentListRouter.swift */,
				232FBB742656C35C00172930 /* PaymentListContracts.swift */,
				232FBB752656C35C00172930 /* PaymentListViewController.swift */,
				232FBB762656C35C00172930 /* PaymentListBuilder.swift */,
				232FBB772656C35C00172930 /* PaymentListInteractor.swift */,
				232FBB9F2656D89F00172930 /* PaymentListDataSource.swift */,
			);
			path = PaymentListScene;
			sourceTree = "<group>";
		};
		232FBB802656C3FA00172930 /* Extensions */ = {
			isa = PBXGroup;
			children = (
				232FBB812656C40A00172930 /* UIView+Payoneer.swift */,
				232FBB8F2656CFDA00172930 /* URLRequest+Payoneer.swift */,
				232FBB912656CFFA00172930 /* CharacterSet+Payoneer.swift */,
				232FBB932656D03500172930 /* URLSession+Payoneer.swift */,
				232FBB952656D07C00172930 /* Dictionary+Payoneer.swift */,
				232FBBA32656DA0100172930 /* UITableView+Payoneer.swift */,
				232FBBA52656DA4D00172930 /* UITableViewCell+Payoneer.swift */,
				232FBBA72656DABA00172930 /* UITableViewFooterHeaderView+Payoneer.swift */,
				232FBBCB2657175C00172930 /* UIImageView+Payoneer.swift */,
			);
			path = Extensions;
			sourceTree = "<group>";
		};
		232FBB832656C73A00172930 /* Services */ = {
			isa = PBXGroup;
			children = (
				232FBB842656C74800172930 /* PaymentListService.swift */,
			);
			path = Services;
			sourceTree = "<group>";
		};
		232FBB862656C84A00172930 /* Models */ = {
			isa = PBXGroup;
			children = (
				232FBB872656C8FC00172930 /* PaymentList.swift */,
				232FBB8B2656CAE800172930 /* PaymentLink.swift */,
				232FBB892656CAD300172930 /* Network.swift */,
			);
			path = Models;
			sourceTree = "<group>";
		};
		232FBB972656D3B100172930 /* Cell */ = {
			isa = PBXGroup;
			children = (
				232FBB982656D3BD00172930 /* PaymentListCellViewModel.swift */,
				232FBBA12656D9AD00172930 /* PaymentListCell.swift */,
			);
			path = Cell;
			sourceTree = "<group>";
		};
		232FBB9A2656D3D300172930 /* Factories */ = {
			isa = PBXGroup;
			children = (
				232FBB9B2656D3DF00172930 /* PaymentListCellViewModelFactory.swift */,
				232FBB9D2656D3F800172930 /* PaymentListTableViewDataFactory.swift */,
			);
			path = Factories;
			sourceTree = "<group>";
		};
		232FBBAD2656DFB700172930 /* PaymentListScene */ = {
			isa = PBXGroup;
			children = (
				232FBBB82656F26E00172930 /* Mocks */,
				232FBBAE2656DFBF00172930 /* Factories */,
				232FBBB62656E3B900172930 /* PaymentListPresenterTests.swift */,
				232FBBC12656F3D700172930 /* PaymentListViewTests.swift */,
			);
			path = PaymentListScene;
			sourceTree = "<group>";
		};
		232FBBAE2656DFBF00172930 /* Factories */ = {
			isa = PBXGroup;
			children = (
				232FBBB32656E36100172930 /* Mocks */,
				232FBBAF2656DFD100172930 /* PaymentListCellViewModelFactoryTests.swift */,
				232FBBB12656E18600172930 /* PaymentListTableViewDataFactoryTests.swift */,
			);
			path = Factories;
			sourceTree = "<group>";
		};
		232FBBB32656E36100172930 /* Mocks */ = {
			isa = PBXGroup;
			children = (
				232FBBB42656E36E00172930 /* MockPaymentListCellViewModelFactory.swift */,
				232FBBBB2656F2B600172930 /* MockPaymentListTableViewDataFactory.swift */,
			);
			path = Mocks;
			sourceTree = "<group>";
		};
		232FBBB82656F26E00172930 /* Mocks */ = {
			isa = PBXGroup;
			children = (
				232FBBB92656F27A00172930 /* MockPaymentListView.swift */,
				232FBBBD2656F2DC00172930 /* MockPaymentListInteractor.swift */,
				232FBBBF2656F2FA00172930 /* MockPaymentListRouter.swift */,
				232FBBC32656F70B00172930 /* MockPaymentListPresenter.swift */,
			);
			path = Mocks;
			sourceTree = "<group>";
		};
/* End PBXGroup section */

/* Begin PBXNativeTarget section */
		232FBB322656C18B00172930 /* Payoneer */ = {
			isa = PBXNativeTarget;
			buildConfigurationList = 232FBB5D2656C18D00172930 /* Build configuration list for PBXNativeTarget "Payoneer" */;
			buildPhases = (
				232FBB2F2656C18B00172930 /* Sources */,
				232FBB302656C18B00172930 /* Frameworks */,
				232FBB312656C18B00172930 /* Resources */,
			);
			buildRules = (
			);
			dependencies = (
			);
			name = Payoneer;
			packageProductDependencies = (
			);
			productName = Payoneer;
			productReference = 232FBB332656C18B00172930 /* Payoneer.app */;
			productType = "com.apple.product-type.application";
		};
		232FBB482656C18D00172930 /* PayoneerTests */ = {
			isa = PBXNativeTarget;
			buildConfigurationList = 232FBB602656C18D00172930 /* Build configuration list for PBXNativeTarget "PayoneerTests" */;
			buildPhases = (
				232FBB452656C18D00172930 /* Sources */,
				232FBB462656C18D00172930 /* Frameworks */,
				232FBB472656C18D00172930 /* Resources */,
			);
			buildRules = (
			);
			dependencies = (
				232FBB4B2656C18D00172930 /* PBXTargetDependency */,
			);
			name = PayoneerTests;
			productName = PayoneerTests;
			productReference = 232FBB492656C18D00172930 /* PayoneerTests.xctest */;
			productType = "com.apple.product-type.bundle.unit-test";
		};
		232FBB532656C18D00172930 /* PayoneerUITests */ = {
			isa = PBXNativeTarget;
			buildConfigurationList = 232FBB632656C18D00172930 /* Build configuration list for PBXNativeTarget "PayoneerUITests" */;
			buildPhases = (
				232FBB502656C18D00172930 /* Sources */,
				232FBB512656C18D00172930 /* Frameworks */,
				232FBB522656C18D00172930 /* Resources */,
			);
			buildRules = (
			);
			dependencies = (
				232FBB562656C18D00172930 /* PBXTargetDependency */,
			);
			name = PayoneerUITests;
			productName = PayoneerUITests;
			productReference = 232FBB542656C18D00172930 /* PayoneerUITests.xctest */;
			productType = "com.apple.product-type.bundle.ui-testing";
		};
/* End PBXNativeTarget section */

/* Begin PBXProject section */
		232FBB2B2656C18B00172930 /* Project object */ = {
			isa = PBXProject;
			attributes = {
				LastSwiftUpdateCheck = 1250;
				LastUpgradeCheck = 1250;
				TargetAttributes = {
					232FBB322656C18B00172930 = {
						CreatedOnToolsVersion = 12.5;
					};
					232FBB482656C18D00172930 = {
						CreatedOnToolsVersion = 12.5;
						TestTargetID = 232FBB322656C18B00172930;
					};
					232FBB532656C18D00172930 = {
						CreatedOnToolsVersion = 12.5;
						TestTargetID = 232FBB322656C18B00172930;
					};
				};
			};
			buildConfigurationList = 232FBB2E2656C18B00172930 /* Build configuration list for PBXProject "Payoneer" */;
			compatibilityVersion = "Xcode 9.3";
			developmentRegion = en;
			hasScannedForEncodings = 0;
			knownRegions = (
				en,
				Base,
			);
			mainGroup = 232FBB2A2656C18B00172930;
			packageReferences = (
			);
			productRefGroup = 232FBB342656C18B00172930 /* Products */;
			projectDirPath = "";
			projectRoot = "";
			targets = (
				232FBB322656C18B00172930 /* Payoneer */,
				232FBB482656C18D00172930 /* PayoneerTests */,
				232FBB532656C18D00172930 /* PayoneerUITests */,
			);
		};
/* End PBXProject section */

/* Begin PBXResourcesBuildPhase section */
		232FBB312656C18B00172930 /* Resources */ = {
			isa = PBXResourcesBuildPhase;
			buildActionMask = 2147483647;
			files = (
				232FBB432656C18D00172930 /* LaunchScreen.storyboard in Resources */,
				232FBB402656C18D00172930 /* Assets.xcassets in Resources */,
			);
			runOnlyForDeploymentPostprocessing = 0;
		};
		232FBB472656C18D00172930 /* Resources */ = {
			isa = PBXResourcesBuildPhase;
			buildActionMask = 2147483647;
			files = (
			);
			runOnlyForDeploymentPostprocessing = 0;
		};
		232FBB522656C18D00172930 /* Resources */ = {
			isa = PBXResourcesBuildPhase;
			buildActionMask = 2147483647;
			files = (
			);
			runOnlyForDeploymentPostprocessing = 0;
		};
/* End PBXResourcesBuildPhase section */

/* Begin PBXSourcesBuildPhase section */
		232FBB2F2656C18B00172930 /* Sources */ = {
			isa = PBXSourcesBuildPhase;
			buildActionMask = 2147483647;
			files = (
				232FBB9C2656D3DF00172930 /* PaymentListCellViewModelFactory.swift in Sources */,
				232FBB7D2656C35C00172930 /* PaymentListBuilder.swift in Sources */,
				232FBBA02656D89F00172930 /* PaymentListDataSource.swift in Sources */,
				232FBB702656C29100172930 /* PaymentRoutes.swift in Sources */,
				232FBB8C2656CAE800172930 /* PaymentLink.swift in Sources */,
				232FBB682656C1CC00172930 /* HTTPMethod.swift in Sources */,
				232FBB822656C40A00172930 /* UIView+Payoneer.swift in Sources */,
				232FBB7E2656C35C00172930 /* PaymentListInteractor.swift in Sources */,
				232FBB7C2656C35C00172930 /* PaymentListViewController.swift in Sources */,
				232FBB882656C8FC00172930 /* PaymentList.swift in Sources */,
				232FBB7A2656C35C00172930 /* PaymentListRouter.swift in Sources */,
				232FBB6A2656C1E700172930 /* Networking.swift in Sources */,
				232FBB9E2656D3F800172930 /* PaymentListTableViewDataFactory.swift in Sources */,
				232FBB6C2656C20A00172930 /* Routing.swift in Sources */,
				232FBB8A2656CAD300172930 /* Network.swift in Sources */,
				232FBB3B2656C18B00172930 /* ViewController.swift in Sources */,
				232FBB942656D03500172930 /* URLSession+Payoneer.swift in Sources */,
				232FBB7B2656C35C00172930 /* PaymentListContracts.swift in Sources */,
				232FBB992656D3BD00172930 /* PaymentListCellViewModel.swift in Sources */,
				232FBBA42656DA0100172930 /* UITableView+Payoneer.swift in Sources */,
				232FBB852656C74800172930 /* PaymentListService.swift in Sources */,
				232FBB962656D07C00172930 /* Dictionary+Payoneer.swift in Sources */,
				232FBB922656CFFA00172930 /* CharacterSet+Payoneer.swift in Sources */,
				232FBB372656C18B00172930 /* AppDelegate.swift in Sources */,
				232FBBA62656DA4D00172930 /* UITableViewCell+Payoneer.swift in Sources */,
				232FBB392656C18B00172930 /* SceneDelegate.swift in Sources */,
				232FBB8E2656CFA700172930 /* NativeNetwork.swift in Sources */,
				232FBBA82656DABA00172930 /* UITableViewFooterHeaderView+Payoneer.swift in Sources */,
				232FBB902656CFDA00172930 /* URLRequest+Payoneer.swift in Sources */,
				232FBBA22656D9AD00172930 /* PaymentListCell.swift in Sources */,
				232FBB792656C35C00172930 /* PaymentListPresenter.swift in Sources */,
				232FBBCC2657175C00172930 /* UIImageView+Payoneer.swift in Sources */,
			);
			runOnlyForDeploymentPostprocessing = 0;
		};
		232FBB452656C18D00172930 /* Sources */ = {
			isa = PBXSourcesBuildPhase;
			buildActionMask = 2147483647;
			files = (
				232FBBB52656E36E00172930 /* MockPaymentListCellViewModelFactory.swift in Sources */,
				232FBBBE2656F2DC00172930 /* MockPaymentListInteractor.swift in Sources */,
				232FBBC42656F70B00172930 /* MockPaymentListPresenter.swift in Sources */,
				232FBBBA2656F27A00172930 /* MockPaymentListView.swift in Sources */,
				232FBBB22656E18600172930 /* PaymentListTableViewDataFactoryTests.swift in Sources */,
				232FBBB02656DFD100172930 /* PaymentListCellViewModelFactoryTests.swift in Sources */,
				232FBB4E2656C18D00172930 /* PayoneerTests.swift in Sources */,
				232FBBC02656F2FA00172930 /* MockPaymentListRouter.swift in Sources */,
				232FBBC22656F3D700172930 /* PaymentListViewTests.swift in Sources */,
				232FBBB72656E3B900172930 /* PaymentListPresenterTests.swift in Sources */,
				232FBBBC2656F2B600172930 /* MockPaymentListTableViewDataFactory.swift in Sources */,
			);
			runOnlyForDeploymentPostprocessing = 0;
		};
		232FBB502656C18D00172930 /* Sources */ = {
			isa = PBXSourcesBuildPhase;
			buildActionMask = 2147483647;
			files = (
				232FBB592656C18D00172930 /* PayoneerUITests.swift in Sources */,
			);
			runOnlyForDeploymentPostprocessing = 0;
		};
/* End PBXSourcesBuildPhase section */

/* Begin PBXTargetDependency section */
		232FBB4B2656C18D00172930 /* PBXTargetDependency */ = {
			isa = PBXTargetDependency;
			target = 232FBB322656C18B00172930 /* Payoneer */;
			targetProxy = 232FBB4A2656C18D00172930 /* PBXContainerItemProxy */;
		};
		232FBB562656C18D00172930 /* PBXTargetDependency */ = {
			isa = PBXTargetDependency;
			target = 232FBB322656C18B00172930 /* Payoneer */;
			targetProxy = 232FBB552656C18D00172930 /* PBXContainerItemProxy */;
		};
/* End PBXTargetDependency section */

/* Begin PBXVariantGroup section */
		232FBB412656C18D00172930 /* LaunchScreen.storyboard */ = {
			isa = PBXVariantGroup;
			children = (
				232FBB422656C18D00172930 /* Base */,
			);
			name = LaunchScreen.storyboard;
			sourceTree = "<group>";
		};
/* End PBXVariantGroup section */

/* Begin XCBuildConfiguration section */
		232FBB5B2656C18D00172930 /* Debug */ = {
			isa = XCBuildConfiguration;
			buildSettings = {
				ALWAYS_SEARCH_USER_PATHS = NO;
				CLANG_ANALYZER_NONNULL = YES;
				CLANG_ANALYZER_NUMBER_OBJECT_CONVERSION = YES_AGGRESSIVE;
				CLANG_CXX_LANGUAGE_STANDARD = "gnu++14";
				CLANG_CXX_LIBRARY = "libc++";
				CLANG_ENABLE_MODULES = YES;
				CLANG_ENABLE_OBJC_ARC = YES;
				CLANG_ENABLE_OBJC_WEAK = YES;
				CLANG_WARN_BLOCK_CAPTURE_AUTORELEASING = YES;
				CLANG_WARN_BOOL_CONVERSION = YES;
				CLANG_WARN_COMMA = YES;
				CLANG_WARN_CONSTANT_CONVERSION = YES;
				CLANG_WARN_DEPRECATED_OBJC_IMPLEMENTATIONS = YES;
				CLANG_WARN_DIRECT_OBJC_ISA_USAGE = YES_ERROR;
				CLANG_WARN_DOCUMENTATION_COMMENTS = YES;
				CLANG_WARN_EMPTY_BODY = YES;
				CLANG_WARN_ENUM_CONVERSION = YES;
				CLANG_WARN_INFINITE_RECURSION = YES;
				CLANG_WARN_INT_CONVERSION = YES;
				CLANG_WARN_NON_LITERAL_NULL_CONVERSION = YES;
				CLANG_WARN_OBJC_IMPLICIT_RETAIN_SELF = YES;
				CLANG_WARN_OBJC_LITERAL_CONVERSION = YES;
				CLANG_WARN_OBJC_ROOT_CLASS = YES_ERROR;
				CLANG_WARN_QUOTED_INCLUDE_IN_FRAMEWORK_HEADER = YES;
				CLANG_WARN_RANGE_LOOP_ANALYSIS = YES;
				CLANG_WARN_STRICT_PROTOTYPES = YES;
				CLANG_WARN_SUSPICIOUS_MOVE = YES;
				CLANG_WARN_UNGUARDED_AVAILABILITY = YES_AGGRESSIVE;
				CLANG_WARN_UNREACHABLE_CODE = YES;
				CLANG_WARN__DUPLICATE_METHOD_MATCH = YES;
				COPY_PHASE_STRIP = NO;
				DEBUG_INFORMATION_FORMAT = dwarf;
				ENABLE_STRICT_OBJC_MSGSEND = YES;
				ENABLE_TESTABILITY = YES;
				GCC_C_LANGUAGE_STANDARD = gnu11;
				GCC_DYNAMIC_NO_PIC = NO;
				GCC_NO_COMMON_BLOCKS = YES;
				GCC_OPTIMIZATION_LEVEL = 0;
				GCC_PREPROCESSOR_DEFINITIONS = (
					"DEBUG=1",
					"$(inherited)",
				);
				GCC_WARN_64_TO_32_BIT_CONVERSION = YES;
				GCC_WARN_ABOUT_RETURN_TYPE = YES_ERROR;
				GCC_WARN_UNDECLARED_SELECTOR = YES;
				GCC_WARN_UNINITIALIZED_AUTOS = YES_AGGRESSIVE;
				GCC_WARN_UNUSED_FUNCTION = YES;
				GCC_WARN_UNUSED_VARIABLE = YES;
				IPHONEOS_DEPLOYMENT_TARGET = 14.5;
				MTL_ENABLE_DEBUG_INFO = INCLUDE_SOURCE;
				MTL_FAST_MATH = YES;
				ONLY_ACTIVE_ARCH = YES;
				SDKROOT = iphoneos;
				SWIFT_ACTIVE_COMPILATION_CONDITIONS = DEBUG;
				SWIFT_OPTIMIZATION_LEVEL = "-Onone";
			};
			name = Debug;
		};
		232FBB5C2656C18D00172930 /* Release */ = {
			isa = XCBuildConfiguration;
			buildSettings = {
				ALWAYS_SEARCH_USER_PATHS = NO;
				CLANG_ANALYZER_NONNULL = YES;
				CLANG_ANALYZER_NUMBER_OBJECT_CONVERSION = YES_AGGRESSIVE;
				CLANG_CXX_LANGUAGE_STANDARD = "gnu++14";
				CLANG_CXX_LIBRARY = "libc++";
				CLANG_ENABLE_MODULES = YES;
				CLANG_ENABLE_OBJC_ARC = YES;
				CLANG_ENABLE_OBJC_WEAK = YES;
				CLANG_WARN_BLOCK_CAPTURE_AUTORELEASING = YES;
				CLANG_WARN_BOOL_CONVERSION = YES;
				CLANG_WARN_COMMA = YES;
				CLANG_WARN_CONSTANT_CONVERSION = YES;
				CLANG_WARN_DEPRECATED_OBJC_IMPLEMENTATIONS = YES;
				CLANG_WARN_DIRECT_OBJC_ISA_USAGE = YES_ERROR;
				CLANG_WARN_DOCUMENTATION_COMMENTS = YES;
				CLANG_WARN_EMPTY_BODY = YES;
				CLANG_WARN_ENUM_CONVERSION = YES;
				CLANG_WARN_INFINITE_RECURSION = YES;
				CLANG_WARN_INT_CONVERSION = YES;
				CLANG_WARN_NON_LITERAL_NULL_CONVERSION = YES;
				CLANG_WARN_OBJC_IMPLICIT_RETAIN_SELF = YES;
				CLANG_WARN_OBJC_LITERAL_CONVERSION = YES;
				CLANG_WARN_OBJC_ROOT_CLASS = YES_ERROR;
				CLANG_WARN_QUOTED_INCLUDE_IN_FRAMEWORK_HEADER = YES;
				CLANG_WARN_RANGE_LOOP_ANALYSIS = YES;
				CLANG_WARN_STRICT_PROTOTYPES = YES;
				CLANG_WARN_SUSPICIOUS_MOVE = YES;
				CLANG_WARN_UNGUARDED_AVAILABILITY = YES_AGGRESSIVE;
				CLANG_WARN_UNREACHABLE_CODE = YES;
				CLANG_WARN__DUPLICATE_METHOD_MATCH = YES;
				COPY_PHASE_STRIP = NO;
				DEBUG_INFORMATION_FORMAT = "dwarf-with-dsym";
				ENABLE_NS_ASSERTIONS = NO;
				ENABLE_STRICT_OBJC_MSGSEND = YES;
				GCC_C_LANGUAGE_STANDARD = gnu11;
				GCC_NO_COMMON_BLOCKS = YES;
				GCC_WARN_64_TO_32_BIT_CONVERSION = YES;
				GCC_WARN_ABOUT_RETURN_TYPE = YES_ERROR;
				GCC_WARN_UNDECLARED_SELECTOR = YES;
				GCC_WARN_UNINITIALIZED_AUTOS = YES_AGGRESSIVE;
				GCC_WARN_UNUSED_FUNCTION = YES;
				GCC_WARN_UNUSED_VARIABLE = YES;
				IPHONEOS_DEPLOYMENT_TARGET = 14.5;
				MTL_ENABLE_DEBUG_INFO = NO;
				MTL_FAST_MATH = YES;
				SDKROOT = iphoneos;
				SWIFT_COMPILATION_MODE = wholemodule;
				SWIFT_OPTIMIZATION_LEVEL = "-O";
				VALIDATE_PRODUCT = YES;
			};
			name = Release;
		};
		232FBB5E2656C18D00172930 /* Debug */ = {
			isa = XCBuildConfiguration;
			buildSettings = {
				ASSETCATALOG_COMPILER_APPICON_NAME = AppIcon;
				ASSETCATALOG_COMPILER_GLOBAL_ACCENT_COLOR_NAME = AccentColor;
				CODE_SIGN_STYLE = Automatic;
				DEVELOPMENT_TEAM = 456T4LX972;
				INFOPLIST_FILE = Payoneer/Info.plist;
				LD_RUNPATH_SEARCH_PATHS = (
					"$(inherited)",
					"@executable_path/Frameworks",
				);
				PRODUCT_BUNDLE_IDENTIFIER = com.gungorbasa.Payoneer;
				PRODUCT_NAME = "$(TARGET_NAME)";
				SWIFT_VERSION = 5.0;
				TARGETED_DEVICE_FAMILY = "1,2";
			};
			name = Debug;
		};
		232FBB5F2656C18D00172930 /* Release */ = {
			isa = XCBuildConfiguration;
			buildSettings = {
				ASSETCATALOG_COMPILER_APPICON_NAME = AppIcon;
				ASSETCATALOG_COMPILER_GLOBAL_ACCENT_COLOR_NAME = AccentColor;
				CODE_SIGN_STYLE = Automatic;
				DEVELOPMENT_TEAM = 456T4LX972;
				INFOPLIST_FILE = Payoneer/Info.plist;
				LD_RUNPATH_SEARCH_PATHS = (
					"$(inherited)",
					"@executable_path/Frameworks",
				);
				PRODUCT_BUNDLE_IDENTIFIER = com.gungorbasa.Payoneer;
				PRODUCT_NAME = "$(TARGET_NAME)";
				SWIFT_VERSION = 5.0;
				TARGETED_DEVICE_FAMILY = "1,2";
			};
			name = Release;
		};
		232FBB612656C18D00172930 /* Debug */ = {
			isa = XCBuildConfiguration;
			buildSettings = {
				ALWAYS_EMBED_SWIFT_STANDARD_LIBRARIES = YES;
				BUNDLE_LOADER = "$(TEST_HOST)";
				CODE_SIGN_STYLE = Automatic;
				DEVELOPMENT_TEAM = 456T4LX972;
				INFOPLIST_FILE = PayoneerTests/Info.plist;
				IPHONEOS_DEPLOYMENT_TARGET = 14.5;
				LD_RUNPATH_SEARCH_PATHS = (
					"$(inherited)",
					"@executable_path/Frameworks",
					"@loader_path/Frameworks",
				);
				PRODUCT_BUNDLE_IDENTIFIER = com.gungorbasa.PayoneerTests;
				PRODUCT_NAME = "$(TARGET_NAME)";
				SWIFT_VERSION = 5.0;
				TARGETED_DEVICE_FAMILY = "1,2";
				TEST_HOST = "$(BUILT_PRODUCTS_DIR)/Payoneer.app/Payoneer";
			};
			name = Debug;
		};
		232FBB622656C18D00172930 /* Release */ = {
			isa = XCBuildConfiguration;
			buildSettings = {
				ALWAYS_EMBED_SWIFT_STANDARD_LIBRARIES = YES;
				BUNDLE_LOADER = "$(TEST_HOST)";
				CODE_SIGN_STYLE = Automatic;
				DEVELOPMENT_TEAM = 456T4LX972;
				INFOPLIST_FILE = PayoneerTests/Info.plist;
				IPHONEOS_DEPLOYMENT_TARGET = 14.5;
				LD_RUNPATH_SEARCH_PATHS = (
					"$(inherited)",
					"@executable_path/Frameworks",
					"@loader_path/Frameworks",
				);
				PRODUCT_BUNDLE_IDENTIFIER = com.gungorbasa.PayoneerTests;
				PRODUCT_NAME = "$(TARGET_NAME)";
				SWIFT_VERSION = 5.0;
				TARGETED_DEVICE_FAMILY = "1,2";
				TEST_HOST = "$(BUILT_PRODUCTS_DIR)/Payoneer.app/Payoneer";
			};
			name = Release;
		};
		232FBB642656C18D00172930 /* Debug */ = {
			isa = XCBuildConfiguration;
			buildSettings = {
				ALWAYS_EMBED_SWIFT_STANDARD_LIBRARIES = YES;
				CODE_SIGN_STYLE = Automatic;
				DEVELOPMENT_TEAM = 456T4LX972;
				INFOPLIST_FILE = PayoneerUITests/Info.plist;
				LD_RUNPATH_SEARCH_PATHS = (
					"$(inherited)",
					"@executable_path/Frameworks",
					"@loader_path/Frameworks",
				);
				PRODUCT_BUNDLE_IDENTIFIER = com.gungorbasa.PayoneerUITests;
				PRODUCT_NAME = "$(TARGET_NAME)";
				SWIFT_VERSION = 5.0;
				TARGETED_DEVICE_FAMILY = "1,2";
				TEST_TARGET_NAME = Payoneer;
			};
			name = Debug;
		};
		232FBB652656C18D00172930 /* Release */ = {
			isa = XCBuildConfiguration;
			buildSettings = {
				ALWAYS_EMBED_SWIFT_STANDARD_LIBRARIES = YES;
				CODE_SIGN_STYLE = Automatic;
				DEVELOPMENT_TEAM = 456T4LX972;
				INFOPLIST_FILE = PayoneerUITests/Info.plist;
				LD_RUNPATH_SEARCH_PATHS = (
					"$(inherited)",
					"@executable_path/Frameworks",
					"@loader_path/Frameworks",
				);
				PRODUCT_BUNDLE_IDENTIFIER = com.gungorbasa.PayoneerUITests;
				PRODUCT_NAME = "$(TARGET_NAME)";
				SWIFT_VERSION = 5.0;
				TARGETED_DEVICE_FAMILY = "1,2";
				TEST_TARGET_NAME = Payoneer;
			};
			name = Release;
		};
/* End XCBuildConfiguration section */

/* Begin XCConfigurationList section */
		232FBB2E2656C18B00172930 /* Build configuration list for PBXProject "Payoneer" */ = {
			isa = XCConfigurationList;
			buildConfigurations = (
				232FBB5B2656C18D00172930 /* Debug */,
				232FBB5C2656C18D00172930 /* Release */,
			);
			defaultConfigurationIsVisible = 0;
			defaultConfigurationName = Release;
		};
		232FBB5D2656C18D00172930 /* Build configuration list for PBXNativeTarget "Payoneer" */ = {
			isa = XCConfigurationList;
			buildConfigurations = (
				232FBB5E2656C18D00172930 /* Debug */,
				232FBB5F2656C18D00172930 /* Release */,
			);
			defaultConfigurationIsVisible = 0;
			defaultConfigurationName = Release;
		};
		232FBB602656C18D00172930 /* Build configuration list for PBXNativeTarget "PayoneerTests" */ = {
			isa = XCConfigurationList;
			buildConfigurations = (
				232FBB612656C18D00172930 /* Debug */,
				232FBB622656C18D00172930 /* Release */,
			);
			defaultConfigurationIsVisible = 0;
			defaultConfigurationName = Release;
		};
		232FBB632656C18D00172930 /* Build configuration list for PBXNativeTarget "PayoneerUITests" */ = {
			isa = XCConfigurationList;
			buildConfigurations = (
				232FBB642656C18D00172930 /* Debug */,
				232FBB652656C18D00172930 /* Release */,
			);
			defaultConfigurationIsVisible = 0;
			defaultConfigurationName = Release;
		};
/* End XCConfigurationList section */
	};
	rootObject = 232FBB2B2656C18B00172930 /* Project object */;
}
